
Microsoft Visual Studio Solution File, Format Version 12.00
# Visual Studio Version 17
VisualStudioVersion = 17.6.33815.320
MinimumVisualStudioVersion = 10.0.40219.1
Project("{FAE04EC0-301F-11D3-BF4B-00C04F79EFBC}") = "WebApplication1", "WebApplication1\WebApplication1.csproj", "{3944748E-6164-4BB7-8C19-12165D638A4A}"
EndProject
Global
	GlobalSection(SolutionConfigurationPlatforms) = preSolution
		Debug|Any CPU = Debug|Any CPU
		Release|Any CPU = Release|Any CPU
	EndGlobalSection
	GlobalSection(ProjectConfigurationPlatforms) = postSolution
		{3944748E-6164-4BB7-8C19-12165D638A4A}.Debug|Any CPU.ActiveCfg = Debug|Any CPU
		{3944748E-6164-4BB7-8C19-12165D638A4A}.Debug|Any CPU.Build.0 = Debug|Any CPU
		{3944748E-6164-4BB7-8C19-12165D638A4A}.Release|Any CPU.ActiveCfg = Release|Any CPU
		{3944748E-6164-4BB7-8C19-12165D638A4A}.Release|Any CPU.Build.0 = Release|Any CPU
	EndGlobalSection
	GlobalSection(SolutionProperties) = preSolution
		HideSolutionNode = FALSE
	EndGlobalSection
	GlobalSection(ExtensibilityGlobals) = postSolution
		SolutionGuid = {290800F5-E6FC-49C6-B806-0E6253C95A0B}
	EndGlobalSection
EndGlobal
